// !$*UTF8*$!
{
	archiveVersion = 1;
	classes = {
	};
	objectVersion = 50;
	objects = {

/* Begin PBXBuildFile section */
		825CE4272403C8F000718272 /* UIViewController+Swizzling.m in Sources */ = {isa = PBXBuildFile; fileRef = 825CE4262403C8F000718272 /* UIViewController+Swizzling.m */; };
		825CE42A2403CA8E00718272 /* NSMutableArray+Swizzling.m in Sources */ = {isa = PBXBuildFile; fileRef = 825CE4292403CA8E00718272 /* NSMutableArray+Swizzling.m */; };
		825CE42D2403D25D00718272 /* UIButton+Swizzling.m in Sources */ = {isa = PBXBuildFile; fileRef = 825CE42C2403D25D00718272 /* UIButton+Swizzling.m */; };
		825CE4332403DCD700718272 /* UILabel+Swizzling.m in Sources */ = {isa = PBXBuildFile; fileRef = 825CE4322403DCD700718272 /* UILabel+Swizzling.m */; };
		825CE4362403DE1A00718272 /* UINavigationItem+Swizzling.m in Sources */ = {isa = PBXBuildFile; fileRef = 825CE4352403DE1A00718272 /* UINavigationItem+Swizzling.m */; };
		825CE43A2403E0E400718272 /* UITableView+Placeholder.m in Sources */ = {isa = PBXBuildFile; fileRef = 825CE4392403E0E400718272 /* UITableView+Placeholder.m */; };
		825CE43D2403E12F00718272 /* MOPlaceholderView.m in Sources */ = {isa = PBXBuildFile; fileRef = 825CE43C2403E12F00718272 /* MOPlaceholderView.m */; };
		E08B0C2E240244A100A974A4 /* AppDelegate.m in Sources */ = {isa = PBXBuildFile; fileRef = E08B0C2D240244A100A974A4 /* AppDelegate.m */; };
		E08B0C31240244A100A974A4 /* SceneDelegate.m in Sources */ = {isa = PBXBuildFile; fileRef = E08B0C30240244A100A974A4 /* SceneDelegate.m */; };
		E08B0C34240244A100A974A4 /* ViewController.m in Sources */ = {isa = PBXBuildFile; fileRef = E08B0C33240244A100A974A4 /* ViewController.m */; };
		E08B0C37240244A100A974A4 /* Main.storyboard in Resources */ = {isa = PBXBuildFile; fileRef = E08B0C35240244A100A974A4 /* Main.storyboard */; };
		E08B0C39240244A100A974A4 /* Assets.xcassets in Resources */ = {isa = PBXBuildFile; fileRef = E08B0C38240244A100A974A4 /* Assets.xcassets */; };
		E08B0C3C240244A100A974A4 /* LaunchScreen.storyboard in Resources */ = {isa = PBXBuildFile; fileRef = E08B0C3A240244A100A974A4 /* LaunchScreen.storyboard */; };
		E08B0C3F240244A100A974A4 /* main.m in Sources */ = {isa = PBXBuildFile; fileRef = E08B0C3E240244A100A974A4 /* main.m */; };
		E08B0C49240244A100A974A4 /* _4_RuntimeTests.m in Sources */ = {isa = PBXBuildFile; fileRef = E08B0C48240244A100A974A4 /* _4_RuntimeTests.m */; };
		E08B0C54240244A100A974A4 /* _4_RuntimeUITests.m in Sources */ = {isa = PBXBuildFile; fileRef = E08B0C53240244A100A974A4 /* _4_RuntimeUITests.m */; };
		E08B0C632402450600A974A4 /* NSObject+Swizzling.m in Sources */ = {isa = PBXBuildFile; fileRef = E08B0C622402450600A974A4 /* NSObject+Swizzling.m */; };
/* End PBXBuildFile section */

/* Begin PBXContainerItemProxy section */
		E08B0C45240244A100A974A4 /* PBXContainerItemProxy */ = {
			isa = PBXContainerItemProxy;
			containerPortal = E08B0C21240244A100A974A4 /* Project object */;
			proxyType = 1;
			remoteGlobalIDString = E08B0C28240244A100A974A4;
			remoteInfo = 04.Runtime;
		};
		E08B0C50240244A100A974A4 /* PBXContainerItemProxy */ = {
			isa = PBXContainerItemProxy;
			containerPortal = E08B0C21240244A100A974A4 /* Project object */;
			proxyType = 1;
			remoteGlobalIDString = E08B0C28240244A100A974A4;
			remoteInfo = 04.Runtime;
		};
/* End PBXContainerItemProxy section */

/* Begin PBXFileReference section */
		825CE4252403C8F000718272 /* UIViewController+Swizzling.h */ = {isa = PBXFileReference; lastKnownFileType = sourcecode.c.h; path = "UIViewController+Swizzling.h"; sourceTree = "<group>"; };
		825CE4262403C8F000718272 /* UIViewController+Swizzling.m */ = {isa = PBXFileReference; lastKnownFileType = sourcecode.c.objc; path = "UIViewController+Swizzling.m"; sourceTree = "<group>"; };
		825CE4282403CA8E00718272 /* NSMutableArray+Swizzling.h */ = {isa = PBXFileReference; lastKnownFileType = sourcecode.c.h; path = "NSMutableArray+Swizzling.h"; sourceTree = "<group>"; };
		825CE4292403CA8E00718272 /* NSMutableArray+Swizzling.m */ = {isa = PBXFileReference; lastKnownFileType = sourcecode.c.objc; path = "NSMutableArray+Swizzling.m"; sourceTree = "<group>"; };
		825CE42B2403D25D00718272 /* UIButton+Swizzling.h */ = {isa = PBXFileReference; lastKnownFileType = sourcecode.c.h; path = "UIButton+Swizzling.h"; sourceTree = "<group>"; };
		825CE42C2403D25D00718272 /* UIButton+Swizzling.m */ = {isa = PBXFileReference; lastKnownFileType = sourcecode.c.objc; path = "UIButton+Swizzling.m"; sourceTree = "<group>"; };
		825CE4312403DCD700718272 /* UILabel+Swizzling.h */ = {isa = PBXFileReference; lastKnownFileType = sourcecode.c.h; path = "UILabel+Swizzling.h"; sourceTree = "<group>"; };
		825CE4322403DCD700718272 /* UILabel+Swizzling.m */ = {isa = PBXFileReference; lastKnownFileType = sourcecode.c.objc; path = "UILabel+Swizzling.m"; sourceTree = "<group>"; };
		825CE4342403DE1A00718272 /* UINavigationItem+Swizzling.h */ = {isa = PBXFileReference; lastKnownFileType = sourcecode.c.h; path = "UINavigationItem+Swizzling.h"; sourceTree = "<group>"; };
		825CE4352403DE1A00718272 /* UINavigationItem+Swizzling.m */ = {isa = PBXFileReference; lastKnownFileType = sourcecode.c.objc; path = "UINavigationItem+Swizzling.m"; sourceTree = "<group>"; };
		825CE4382403E0E400718272 /* UITableView+Placeholder.h */ = {isa = PBXFileReference; lastKnownFileType = sourcecode.c.h; path = "UITableView+Placeholder.h"; sourceTree = "<group>"; };
		825CE4392403E0E400718272 /* UITableView+Placeholder.m */ = {isa = PBXFileReference; lastKnownFileType = sourcecode.c.objc; path = "UITableView+Placeholder.m"; sourceTree = "<group>"; };
		825CE43B2403E12F00718272 /* MOPlaceholderView.h */ = {isa = PBXFileReference; lastKnownFileType = sourcecode.c.h; path = MOPlaceholderView.h; sourceTree = "<group>"; };
		825CE43C2403E12F00718272 /* MOPlaceholderView.m */ = {isa = PBXFileReference; lastKnownFileType = sourcecode.c.objc; path = MOPlaceholderView.m; sourceTree = "<group>"; };
		E08B0C29240244A100A974A4 /* 04.Runtime.app */ = {isa = PBXFileReference; explicitFileType = wrapper.application; includeInIndex = 0; path = 04.Runtime.app; sourceTree = BUILT_PRODUCTS_DIR; };
		E08B0C2C240244A100A974A4 /* AppDelegate.h */ = {isa = PBXFileReference; lastKnownFileType = sourcecode.c.h; path = AppDelegate.h; sourceTree = "<group>"; };
		E08B0C2D240244A100A974A4 /* AppDelegate.m */ = {isa = PBXFileReference; lastKnownFileType = sourcecode.c.objc; path = AppDelegate.m; sourceTree = "<group>"; };
		E08B0C2F240244A100A974A4 /* SceneDelegate.h */ = {isa = PBXFileReference; lastKnownFileType = sourcecode.c.h; path = SceneDelegate.h; sourceTree = "<group>"; };
		E08B0C30240244A100A974A4 /* SceneDelegate.m */ = {isa = PBXFileReference; lastKnownFileType = sourcecode.c.objc; path = SceneDelegate.m; sourceTree = "<group>"; };
		E08B0C32240244A100A974A4 /* ViewController.h */ = {isa = PBXFileReference; lastKnownFileType = sourcecode.c.h; path = ViewController.h; sourceTree = "<group>"; };
		E08B0C33240244A100A974A4 /* ViewController.m */ = {isa = PBXFileReference; lastKnownFileType = sourcecode.c.objc; path = ViewController.m; sourceTree = "<group>"; };
		E08B0C36240244A100A974A4 /* Base */ = {isa = PBXFileReference; lastKnownFileType = file.storyboard; name = Base; path = Base.lproj/Main.storyboard; sourceTree = "<group>"; };
		E08B0C38240244A100A974A4 /* Assets.xcassets */ = {isa = PBXFileReference; lastKnownFileType = folder.assetcatalog; path = Assets.xcassets; sourceTree = "<group>"; };
		E08B0C3B240244A100A974A4 /* Base */ = {isa = PBXFileReference; lastKnownFileType = file.storyboard; name = Base; path = Base.lproj/LaunchScreen.storyboard; sourceTree = "<group>"; };
		E08B0C3D240244A100A974A4 /* Info.plist */ = {isa = PBXFileReference; lastKnownFileType = text.plist.xml; path = Info.plist; sourceTree = "<group>"; };
		E08B0C3E240244A100A974A4 /* main.m */ = {isa = PBXFileReference; lastKnownFileType = sourcecode.c.objc; path = main.m; sourceTree = "<group>"; };
		E08B0C44240244A100A974A4 /* 04.RuntimeTests.xctest */ = {isa = PBXFileReference; explicitFileType = wrapper.cfbundle; includeInIndex = 0; path = 04.RuntimeTests.xctest; sourceTree = BUILT_PRODUCTS_DIR; };
		E08B0C48240244A100A974A4 /* _4_RuntimeTests.m */ = {isa = PBXFileReference; lastKnownFileType = sourcecode.c.objc; path = _4_RuntimeTests.m; sourceTree = "<group>"; };
		E08B0C4A240244A100A974A4 /* Info.plist */ = {isa = PBXFileReference; lastKnownFileType = text.plist.xml; path = Info.plist; sourceTree = "<group>"; };
		E08B0C4F240244A100A974A4 /* 04.RuntimeUITests.xctest */ = {isa = PBXFileReference; explicitFileType = wrapper.cfbundle; includeInIndex = 0; path = 04.RuntimeUITests.xctest; sourceTree = BUILT_PRODUCTS_DIR; };
		E08B0C53240244A100A974A4 /* _4_RuntimeUITests.m */ = {isa = PBXFileReference; lastKnownFileType = sourcecode.c.objc; path = _4_RuntimeUITests.m; sourceTree = "<group>"; };
		E08B0C55240244A100A974A4 /* Info.plist */ = {isa = PBXFileReference; lastKnownFileType = text.plist.xml; path = Info.plist; sourceTree = "<group>"; };
		E08B0C612402450600A974A4 /* NSObject+Swizzling.h */ = {isa = PBXFileReference; lastKnownFileType = sourcecode.c.h; path = "NSObject+Swizzling.h"; sourceTree = "<group>"; };
		E08B0C622402450600A974A4 /* NSObject+Swizzling.m */ = {isa = PBXFileReference; lastKnownFileType = sourcecode.c.objc; path = "NSObject+Swizzling.m"; sourceTree = "<group>"; };
/* End PBXFileReference section */

/* Begin PBXFrameworksBuildPhase section */
		E08B0C26240244A100A974A4 /* Frameworks */ = {
			isa = PBXFrameworksBuildPhase;
			buildActionMask = 2147483647;
			files = (
			);
			runOnlyForDeploymentPostprocessing = 0;
		};
		E08B0C41240244A100A974A4 /* Frameworks */ = {
			isa = PBXFrameworksBuildPhase;
			buildActionMask = 2147483647;
			files = (
			);
			runOnlyForDeploymentPostprocessing = 0;
		};
		E08B0C4C240244A100A974A4 /* Frameworks */ = {
			isa = PBXFrameworksBuildPhase;
			buildActionMask = 2147483647;
			files = (
			);
			runOnlyForDeploymentPostprocessing = 0;
		};
/* End PBXFrameworksBuildPhase section */

/* Begin PBXGroup section */
		825CE4372403E0AC00718272 /* ScrollViewPlaceholder */ = {
			isa = PBXGroup;
			children = (
				825CE4382403E0E400718272 /* UITableView+Placeholder.h */,
				825CE4392403E0E400718272 /* UITableView+Placeholder.m */,
				825CE43B2403E12F00718272 /* MOPlaceholderView.h */,
				825CE43C2403E12F00718272 /* MOPlaceholderView.m */,
			);
			path = ScrollViewPlaceholder;
			sourceTree = "<group>";
		};
		E08B0C20240244A100A974A4 = {
			isa = PBXGroup;
			children = (
				E08B0C2B240244A100A974A4 /* 04.Runtime */,
				E08B0C47240244A100A974A4 /* 04.RuntimeTests */,
				E08B0C52240244A100A974A4 /* 04.RuntimeUITests */,
				E08B0C2A240244A100A974A4 /* Products */,
			);
			sourceTree = "<group>";
		};
		E08B0C2A240244A100A974A4 /* Products */ = {
			isa = PBXGroup;
			children = (
				E08B0C29240244A100A974A4 /* 04.Runtime.app */,
				E08B0C44240244A100A974A4 /* 04.RuntimeTests.xctest */,
				E08B0C4F240244A100A974A4 /* 04.RuntimeUITests.xctest */,
			);
			name = Products;
			sourceTree = "<group>";
		};
		E08B0C2B240244A100A974A4 /* 04.Runtime */ = {
			isa = PBXGroup;
			children = (
				825CE4372403E0AC00718272 /* ScrollViewPlaceholder */,
				E08B0C2C240244A100A974A4 /* AppDelegate.h */,
				E08B0C2D240244A100A974A4 /* AppDelegate.m */,
				E08B0C2F240244A100A974A4 /* SceneDelegate.h */,
				E08B0C30240244A100A974A4 /* SceneDelegate.m */,
				E08B0C32240244A100A974A4 /* ViewController.h */,
				E08B0C33240244A100A974A4 /* ViewController.m */,
				E08B0C612402450600A974A4 /* NSObject+Swizzling.h */,
				E08B0C622402450600A974A4 /* NSObject+Swizzling.m */,
				825CE4252403C8F000718272 /* UIViewController+Swizzling.h */,
				825CE4262403C8F000718272 /* UIViewController+Swizzling.m */,
				825CE4282403CA8E00718272 /* NSMutableArray+Swizzling.h */,
				825CE4292403CA8E00718272 /* NSMutableArray+Swizzling.m */,
				825CE42B2403D25D00718272 /* UIButton+Swizzling.h */,
				825CE42C2403D25D00718272 /* UIButton+Swizzling.m */,
				825CE4312403DCD700718272 /* UILabel+Swizzling.h */,
				825CE4322403DCD700718272 /* UILabel+Swizzling.m */,
				825CE4342403DE1A00718272 /* UINavigationItem+Swizzling.h */,
				825CE4352403DE1A00718272 /* UINavigationItem+Swizzling.m */,
				E08B0C35240244A100A974A4 /* Main.storyboard */,
				E08B0C38240244A100A974A4 /* Assets.xcassets */,
				E08B0C3A240244A100A974A4 /* LaunchScreen.storyboard */,
				E08B0C3D240244A100A974A4 /* Info.plist */,
				E08B0C3E240244A100A974A4 /* main.m */,
			);
			path = 04.Runtime;
			sourceTree = "<group>";
		};
		E08B0C47240244A100A974A4 /* 04.RuntimeTests */ = {
			isa = PBXGroup;
			children = (
				E08B0C48240244A100A974A4 /* _4_RuntimeTests.m */,
				E08B0C4A240244A100A974A4 /* Info.plist */,
			);
			path = 04.RuntimeTests;
			sourceTree = "<group>";
		};
		E08B0C52240244A100A974A4 /* 04.RuntimeUITests */ = {
			isa = PBXGroup;
			children = (
				E08B0C53240244A100A974A4 /* _4_RuntimeUITests.m */,
				E08B0C55240244A100A974A4 /* Info.plist */,
			);
			path = 04.RuntimeUITests;
			sourceTree = "<group>";
		};
/* End PBXGroup section */

/* Begin PBXNativeTarget section */
		E08B0C28240244A100A974A4 /* 04.Runtime */ = {
			isa = PBXNativeTarget;
			buildConfigurationList = E08B0C58240244A100A974A4 /* Build configuration list for PBXNativeTarget "04.Runtime" */;
			buildPhases = (
				E08B0C25240244A100A974A4 /* Sources */,
				E08B0C26240244A100A974A4 /* Frameworks */,
				E08B0C27240244A100A974A4 /* Resources */,
			);
			buildRules = (
			);
			dependencies = (
			);
			name = 04.Runtime;
			productName = 04.Runtime;
			productReference = E08B0C29240244A100A974A4 /* 04.Runtime.app */;
			productType = "com.apple.product-type.application";
		};
		E08B0C43240244A100A974A4 /* 04.RuntimeTests */ = {
			isa = PBXNativeTarget;
			buildConfigurationList = E08B0C5B240244A100A974A4 /* Build configuration list for PBXNativeTarget "04.RuntimeTests" */;
			buildPhases = (
				E08B0C40240244A100A974A4 /* Sources */,
				E08B0C41240244A100A974A4 /* Frameworks */,
				E08B0C42240244A100A974A4 /* Resources */,
			);
			buildRules = (
			);
			dependencies = (
				E08B0C46240244A100A974A4 /* PBXTargetDependency */,
			);
			name = 04.RuntimeTests;
			productName = 04.RuntimeTests;
			productReference = E08B0C44240244A100A974A4 /* 04.RuntimeTests.xctest */;
			productType = "com.apple.product-type.bundle.unit-test";
		};
		E08B0C4E240244A100A974A4 /* 04.RuntimeUITests */ = {
			isa = PBXNativeTarget;
			buildConfigurationList = E08B0C5E240244A100A974A4 /* Build configuration list for PBXNativeTarget "04.RuntimeUITests" */;
			buildPhases = (
				E08B0C4B240244A100A974A4 /* Sources */,
				E08B0C4C240244A100A974A4 /* Frameworks */,
				E08B0C4D240244A100A974A4 /* Resources */,
			);
			buildRules = (
			);
			dependencies = (
				E08B0C51240244A100A974A4 /* PBXTargetDependency */,
			);
			name = 04.RuntimeUITests;
			productName = 04.RuntimeUITests;
			productReference = E08B0C4F240244A100A974A4 /* 04.RuntimeUITests.xctest */;
			productType = "com.apple.product-type.bundle.ui-testing";
		};
/* End PBXNativeTarget section */

/* Begin PBXProject section */
		E08B0C21240244A100A974A4 /* Project object */ = {
			isa = PBXProject;
			attributes = {
				LastUpgradeCheck = 1120;
				ORGANIZATIONNAME = moxiaoyan;
				TargetAttributes = {
					E08B0C28240244A100A974A4 = {
						CreatedOnToolsVersion = 11.2;
					};
					E08B0C43240244A100A974A4 = {
						CreatedOnToolsVersion = 11.2;
						TestTargetID = E08B0C28240244A100A974A4;
					};
					E08B0C4E240244A100A974A4 = {
						CreatedOnToolsVersion = 11.2;
						TestTargetID = E08B0C28240244A100A974A4;
					};
				};
			};
			buildConfigurationList = E08B0C24240244A100A974A4 /* Build configuration list for PBXProject "04.Runtime" */;
			compatibilityVersion = "Xcode 9.3";
			developmentRegion = en;
			hasScannedForEncodings = 0;
			knownRegions = (
				en,
				Base,
			);
			mainGroup = E08B0C20240244A100A974A4;
			productRefGroup = E08B0C2A240244A100A974A4 /* Products */;
			projectDirPath = "";
			projectRoot = "";
			targets = (
				E08B0C28240244A100A974A4 /* 04.Runtime */,
				E08B0C43240244A100A974A4 /* 04.RuntimeTests */,
				E08B0C4E240244A100A974A4 /* 04.RuntimeUITests */,
			);
		};
/* End PBXProject section */

/* Begin PBXResourcesBuildPhase section */
		E08B0C27240244A100A974A4 /* Resources */ = {
			isa = PBXResourcesBuildPhase;
			buildActionMask = 2147483647;
			files = (
				E08B0C3C240244A100A974A4 /* LaunchScreen.storyboard in Resources */,
				E08B0C39240244A100A974A4 /* Assets.xcassets in Resources */,
				E08B0C37240244A100A974A4 /* Main.storyboard in Resources */,
			);
			runOnlyForDeploymentPostprocessing = 0;
		};
		E08B0C42240244A100A974A4 /* Resources */ = {
			isa = PBXResourcesBuildPhase;
			buildActionMask = 2147483647;
			files = (
			);
			runOnlyForDeploymentPostprocessing = 0;
		};
		E08B0C4D240244A100A974A4 /* Resources */ = {
			isa = PBXResourcesBuildPhase;
			buildActionMask = 2147483647;
			files = (
			);
			runOnlyForDeploymentPostprocessing = 0;
		};
/* End PBXResourcesBuildPhase section */

/* Begin PBXSourcesBuildPhase section */
		E08B0C25240244A100A974A4 /* Sources */ = {
			isa = PBXSourcesBuildPhase;
			buildActionMask = 2147483647;
			files = (
				825CE43D2403E12F00718272 /* MOPlaceholderView.m in Sources */,
				825CE42A2403CA8E00718272 /* NSMutableArray+Swizzling.m in Sources */,
				E08B0C34240244A100A974A4 /* ViewController.m in Sources */,
				E08B0C2E240244A100A974A4 /* AppDelegate.m in Sources */,
				825CE4272403C8F000718272 /* UIViewController+Swizzling.m in Sources */,
				E08B0C3F240244A100A974A4 /* main.m in Sources */,
				825CE4332403DCD700718272 /* UILabel+Swizzling.m in Sources */,
				825CE43A2403E0E400718272 /* UITableView+Placeholder.m in Sources */,
				825CE42D2403D25D00718272 /* UIButton+Swizzling.m in Sources */,
				E08B0C632402450600A974A4 /* NSObject+Swizzling.m in Sources */,
				825CE4362403DE1A00718272 /* UINavigationItem+Swizzling.m in Sources */,
				E08B0C31240244A100A974A4 /* SceneDelegate.m in Sources */,
			);
			runOnlyForDeploymentPostprocessing = 0;
		};
		E08B0C40240244A100A974A4 /* Sources */ = {
			isa = PBXSourcesBuildPhase;
			buildActionMask = 2147483647;
			files = (
				E08B0C49240244A100A974A4 /* _4_RuntimeTests.m in Sources */,
			);
			runOnlyForDeploymentPostprocessing = 0;
		};
		E08B0C4B240244A100A974A4 /* Sources */ = {
			isa = PBXSourcesBuildPhase;
			buildActionMask = 2147483647;
			files = (
				E08B0C54240244A100A974A4 /* _4_RuntimeUITests.m in Sources */,
			);
			runOnlyForDeploymentPostprocessing = 0;
		};
/* End PBXSourcesBuildPhase section */

/* Begin PBXTargetDependency section */
		E08B0C46240244A100A974A4 /* PBXTargetDependency */ = {
			isa = PBXTargetDependency;
			target = E08B0C28240244A100A974A4 /* 04.Runtime */;
			targetProxy = E08B0C45240244A100A974A4 /* PBXContainerItemProxy */;
		};
		E08B0C51240244A100A974A4 /* PBXTargetDependency */ = {
			isa = PBXTargetDependency;
			target = E08B0C28240244A100A974A4 /* 04.Runtime */;
			targetProxy = E08B0C50240244A100A974A4 /* PBXContainerItemProxy */;
		};
/* End PBXTargetDependency section */

/* Begin PBXVariantGroup section */
		E08B0C35240244A100A974A4 /* Main.storyboard */ = {
			isa = PBXVariantGroup;
			children = (
				E08B0C36240244A100A974A4 /* Base */,
			);
			name = Main.storyboard;
			sourceTree = "<group>";
		};
		E08B0C3A240244A100A974A4 /* LaunchScreen.storyboard */ = {
			isa = PBXVariantGroup;
			children = (
				E08B0C3B240244A100A974A4 /* Base */,
			);
			name = LaunchScreen.storyboard;
			sourceTree = "<group>";
		};
/* End PBXVariantGroup section */

/* Begin XCBuildConfiguration section */
		E08B0C56240244A100A974A4 /* Debug */ = {
			isa = XCBuildConfiguration;
			buildSettings = {
				ALWAYS_SEARCH_USER_PATHS = NO;
				CLANG_ANALYZER_NONNULL = YES;
				CLANG_ANALYZER_NUMBER_OBJECT_CONVERSION = YES_AGGRESSIVE;
				CLANG_CXX_LANGUAGE_STANDARD = "gnu++14";
				CLANG_CXX_LIBRARY = "libc++";
				CLANG_ENABLE_MODULES = YES;
				CLANG_ENABLE_OBJC_ARC = YES;
				CLANG_ENABLE_OBJC_WEAK = YES;
				CLANG_WARN_BLOCK_CAPTURE_AUTORELEASING = YES;
				CLANG_WARN_BOOL_CONVERSION = YES;
				CLANG_WARN_COMMA = YES;
				CLANG_WARN_CONSTANT_CONVERSION = YES;
				CLANG_WARN_DEPRECATED_OBJC_IMPLEMENTATIONS = YES;
				CLANG_WARN_DIRECT_OBJC_ISA_USAGE = YES_ERROR;
				CLANG_WARN_DOCUMENTATION_COMMENTS = YES;
				CLANG_WARN_EMPTY_BODY = YES;
				CLANG_WARN_ENUM_CONVERSION = YES;
				CLANG_WARN_INFINITE_RECURSION = YES;
				CLANG_WARN_INT_CONVERSION = YES;
				CLANG_WARN_NON_LITERAL_NULL_CONVERSION = YES;
				CLANG_WARN_OBJC_IMPLICIT_RETAIN_SELF = YES;
				CLANG_WARN_OBJC_LITERAL_CONVERSION = YES;
				CLANG_WARN_OBJC_ROOT_CLASS = YES_ERROR;
				CLANG_WARN_RANGE_LOOP_ANALYSIS = YES;
				CLANG_WARN_STRICT_PROTOTYPES = YES;
				CLANG_WARN_SUSPICIOUS_MOVE = YES;
				CLANG_WARN_UNGUARDED_AVAILABILITY = YES_AGGRESSIVE;
				CLANG_WARN_UNREACHABLE_CODE = YES;
				CLANG_WARN__DUPLICATE_METHOD_MATCH = YES;
				COPY_PHASE_STRIP = NO;
				DEBUG_INFORMATION_FORMAT = dwarf;
				ENABLE_STRICT_OBJC_MSGSEND = YES;
				ENABLE_TESTABILITY = YES;
				GCC_C_LANGUAGE_STANDARD = gnu11;
				GCC_DYNAMIC_NO_PIC = NO;
				GCC_NO_COMMON_BLOCKS = YES;
				GCC_OPTIMIZATION_LEVEL = 0;
				GCC_PREPROCESSOR_DEFINITIONS = (
					"DEBUG=1",
					"$(inherited)",
				);
				GCC_WARN_64_TO_32_BIT_CONVERSION = YES;
				GCC_WARN_ABOUT_RETURN_TYPE = YES_ERROR;
				GCC_WARN_UNDECLARED_SELECTOR = YES;
				GCC_WARN_UNINITIALIZED_AUTOS = YES_AGGRESSIVE;
				GCC_WARN_UNUSED_FUNCTION = YES;
				GCC_WARN_UNUSED_VARIABLE = YES;
				IPHONEOS_DEPLOYMENT_TARGET = 13.2;
				MTL_ENABLE_DEBUG_INFO = INCLUDE_SOURCE;
				MTL_FAST_MATH = YES;
				ONLY_ACTIVE_ARCH = YES;
				SDKROOT = iphoneos;
			};
			name = Debug;
		};
		E08B0C57240244A100A974A4 /* Release */ = {
			isa = XCBuildConfiguration;
			buildSettings = {
				ALWAYS_SEARCH_USER_PATHS = NO;
				CLANG_ANALYZER_NONNULL = YES;
				CLANG_ANALYZER_NUMBER_OBJECT_CONVERSION = YES_AGGRESSIVE;
				CLANG_CXX_LANGUAGE_STANDARD = "gnu++14";
				CLANG_CXX_LIBRARY = "libc++";
				CLANG_ENABLE_MODULES = YES;
				CLANG_ENABLE_OBJC_ARC = YES;
				CLANG_ENABLE_OBJC_WEAK = YES;
				CLANG_WARN_BLOCK_CAPTURE_AUTORELEASING = YES;
				CLANG_WARN_BOOL_CONVERSION = YES;
				CLANG_WARN_COMMA = YES;
				CLANG_WARN_CONSTANT_CONVERSION = YES;
				CLANG_WARN_DEPRECATED_OBJC_IMPLEMENTATIONS = YES;
				CLANG_WARN_DIRECT_OBJC_ISA_USAGE = YES_ERROR;
				CLANG_WARN_DOCUMENTATION_COMMENTS = YES;
				CLANG_WARN_EMPTY_BODY = YES;
				CLANG_WARN_ENUM_CONVERSION = YES;
				CLANG_WARN_INFINITE_RECURSION = YES;
				CLANG_WARN_INT_CONVERSION = YES;
				CLANG_WARN_NON_LITERAL_NULL_CONVERSION = YES;
				CLANG_WARN_OBJC_IMPLICIT_RETAIN_SELF = YES;
				CLANG_WARN_OBJC_LITERAL_CONVERSION = YES;
				CLANG_WARN_OBJC_ROOT_CLASS = YES_ERROR;
				CLANG_WARN_RANGE_LOOP_ANALYSIS = YES;
				CLANG_WARN_STRICT_PROTOTYPES = YES;
				CLANG_WARN_SUSPICIOUS_MOVE = YES;
				CLANG_WARN_UNGUARDED_AVAILABILITY = YES_AGGRESSIVE;
				CLANG_WARN_UNREACHABLE_CODE = YES;
				CLANG_WARN__DUPLICATE_METHOD_MATCH = YES;
				COPY_PHASE_STRIP = NO;
				DEBUG_INFORMATION_FORMAT = "dwarf-with-dsym";
				ENABLE_NS_ASSERTIONS = NO;
				ENABLE_STRICT_OBJC_MSGSEND = YES;
				GCC_C_LANGUAGE_STANDARD = gnu11;
				GCC_NO_COMMON_BLOCKS = YES;
				GCC_WARN_64_TO_32_BIT_CONVERSION = YES;
				GCC_WARN_ABOUT_RETURN_TYPE = YES_ERROR;
				GCC_WARN_UNDECLARED_SELECTOR = YES;
				GCC_WARN_UNINITIALIZED_AUTOS = YES_AGGRESSIVE;
				GCC_WARN_UNUSED_FUNCTION = YES;
				GCC_WARN_UNUSED_VARIABLE = YES;
				IPHONEOS_DEPLOYMENT_TARGET = 13.2;
				MTL_ENABLE_DEBUG_INFO = NO;
				MTL_FAST_MATH = YES;
				SDKROOT = iphoneos;
				VALIDATE_PRODUCT = YES;
			};
			name = Release;
		};
		E08B0C59240244A100A974A4 /* Debug */ = {
			isa = XCBuildConfiguration;
			buildSettings = {
				ASSETCATALOG_COMPILER_APPICON_NAME = AppIcon;
				CODE_SIGN_STYLE = Automatic;
				INFOPLIST_FILE = 04.Runtime/Info.plist;
				LD_RUNPATH_SEARCH_PATHS = (
					"$(inherited)",
					"@executable_path/Frameworks",
				);
				PRODUCT_BUNDLE_IDENTIFIER = "moxiaoyan.-4-Runtime";
				PRODUCT_NAME = "$(TARGET_NAME)";
				TARGETED_DEVICE_FAMILY = "1,2";
			};
			name = Debug;
		};
		E08B0C5A240244A100A974A4 /* Release */ = {
			isa = XCBuildConfiguration;
			buildSettings = {
				ASSETCATALOG_COMPILER_APPICON_NAME = AppIcon;
				CODE_SIGN_STYLE = Automatic;
				INFOPLIST_FILE = 04.Runtime/Info.plist;
				LD_RUNPATH_SEARCH_PATHS = (
					"$(inherited)",
					"@executable_path/Frameworks",
				);
				PRODUCT_BUNDLE_IDENTIFIER = "moxiaoyan.-4-Runtime";
				PRODUCT_NAME = "$(TARGET_NAME)";
				TARGETED_DEVICE_FAMILY = "1,2";
			};
			name = Release;
		};
		E08B0C5C240244A100A974A4 /* Debug */ = {
			isa = XCBuildConfiguration;
			buildSettings = {
				BUNDLE_LOADER = "$(TEST_HOST)";
				CODE_SIGN_STYLE = Automatic;
				INFOPLIST_FILE = 04.RuntimeTests/Info.plist;
				IPHONEOS_DEPLOYMENT_TARGET = 13.2;
				LD_RUNPATH_SEARCH_PATHS = (
					"$(inherited)",
					"@executable_path/Frameworks",
					"@loader_path/Frameworks",
				);
				PRODUCT_BUNDLE_IDENTIFIER = "moxiaoyan.-4-RuntimeTests";
				PRODUCT_NAME = "$(TARGET_NAME)";
				TARGETED_DEVICE_FAMILY = "1,2";
				TEST_HOST = "$(BUILT_PRODUCTS_DIR)/04.Runtime.app/04.Runtime";
			};
			name = Debug;
		};
		E08B0C5D240244A100A974A4 /* Release */ = {
			isa = XCBuildConfiguration;
			buildSettings = {
				BUNDLE_LOADER = "$(TEST_HOST)";
				CODE_SIGN_STYLE = Automatic;
				INFOPLIST_FILE = 04.RuntimeTests/Info.plist;
				IPHONEOS_DEPLOYMENT_TARGET = 13.2;
				LD_RUNPATH_SEARCH_PATHS = (
					"$(inherited)",
					"@executable_path/Frameworks",
					"@loader_path/Frameworks",
				);
				PRODUCT_BUNDLE_IDENTIFIER = "moxiaoyan.-4-RuntimeTests";
				PRODUCT_NAME = "$(TARGET_NAME)";
				TARGETED_DEVICE_FAMILY = "1,2";
				TEST_HOST = "$(BUILT_PRODUCTS_DIR)/04.Runtime.app/04.Runtime";
			};
			name = Release;
		};
		E08B0C5F240244A100A974A4 /* Debug */ = {
			isa = XCBuildConfiguration;
			buildSettings = {
				CODE_SIGN_STYLE = Automatic;
				INFOPLIST_FILE = 04.RuntimeUITests/Info.plist;
				LD_RUNPATH_SEARCH_PATHS = (
					"$(inherited)",
					"@executable_path/Frameworks",
					"@loader_path/Frameworks",
				);
				PRODUCT_BUNDLE_IDENTIFIER = "moxiaoyan.-4-RuntimeUITests";
				PRODUCT_NAME = "$(TARGET_NAME)";
				TARGETED_DEVICE_FAMILY = "1,2";
				TEST_TARGET_NAME = 04.Runtime;
			};
			name = Debug;
		};
		E08B0C60240244A100A974A4 /* Release */ = {
			isa = XCBuildConfiguration;
			buildSettings = {
				CODE_SIGN_STYLE = Automatic;
				INFOPLIST_FILE = 04.RuntimeUITests/Info.plist;
				LD_RUNPATH_SEARCH_PATHS = (
					"$(inherited)",
					"@executable_path/Frameworks",
					"@loader_path/Frameworks",
				);
				PRODUCT_BUNDLE_IDENTIFIER = "moxiaoyan.-4-RuntimeUITests";
				PRODUCT_NAME = "$(TARGET_NAME)";
				TARGETED_DEVICE_FAMILY = "1,2";
				TEST_TARGET_NAME = 04.Runtime;
			};
			name = Release;
		};
/* End XCBuildConfiguration section */

/* Begin XCConfigurationList section */
		E08B0C24240244A100A974A4 /* Build configuration list for PBXProject "04.Runtime" */ = {
			isa = XCConfigurationList;
			buildConfigurations = (
				E08B0C56240244A100A974A4 /* Debug */,
				E08B0C57240244A100A974A4 /* Release */,
			);
			defaultConfigurationIsVisible = 0;
			defaultConfigurationName = Release;
		};
		E08B0C58240244A100A974A4 /* Build configuration list for PBXNativeTarget "04.Runtime" */ = {
			isa = XCConfigurationList;
			buildConfigurations = (
				E08B0C59240244A100A974A4 /* Debug */,
				E08B0C5A240244A100A974A4 /* Release */,
			);
			defaultConfigurationIsVisible = 0;
			defaultConfigurationName = Release;
		};
		E08B0C5B240244A100A974A4 /* Build configuration list for PBXNativeTarget "04.RuntimeTests" */ = {
			isa = XCConfigurationList;
			buildConfigurations = (
				E08B0C5C240244A100A974A4 /* Debug */,
				E08B0C5D240244A100A974A4 /* Release */,
			);
			defaultConfigurationIsVisible = 0;
			defaultConfigurationName = Release;
		};
		E08B0C5E240244A100A974A4 /* Build configuration list for PBXNativeTarget "04.RuntimeUITests" */ = {
			isa = XCConfigurationList;
			buildConfigurations = (
				E08B0C5F240244A100A974A4 /* Debug */,
				E08B0C60240244A100A974A4 /* Release */,
			);
			defaultConfigurationIsVisible = 0;
			defaultConfigurationName = Release;
		};
/* End XCConfigurationList section */
	};
	rootObject = E08B0C21240244A100A974A4 /* Project object */;
}
