// !$*UTF8*$!
{
	archiveVersion = 1;
	classes = {
	};
	objectVersion = 50;
	objects = {

/* Begin PBXBuildFile section */
		820E14D5249B3D1200B78CAB /* AppDelegate.m in Sources */ = {isa = PBXBuildFile; fileRef = 820E14D4249B3D1200B78CAB /* AppDelegate.m */; };
		820E14DE249B3D1200B78CAB /* Main.storyboard in Resources */ = {isa = PBXBuildFile; fileRef = 820E14DC249B3D1200B78CAB /* Main.storyboard */; };
		820E14E0249B3D1400B78CAB /* Assets.xcassets in Resources */ = {isa = PBXBuildFile; fileRef = 820E14DF249B3D1400B78CAB /* Assets.xcassets */; };
		820E14E3249B3D1400B78CAB /* LaunchScreen.storyboard in Resources */ = {isa = PBXBuildFile; fileRef = 820E14E1249B3D1400B78CAB /* LaunchScreen.storyboard */; };
		820E14E6249B3D1400B78CAB /* main.m in Sources */ = {isa = PBXBuildFile; fileRef = 820E14E5249B3D1400B78CAB /* main.m */; };
		820E14F0249B3D1400B78CAB /* _0_OCDemoTests.m in Sources */ = {isa = PBXBuildFile; fileRef = 820E14EF249B3D1400B78CAB /* _0_OCDemoTests.m */; };
		820E14FB249B3D1400B78CAB /* _0_OCDemoUITests.m in Sources */ = {isa = PBXBuildFile; fileRef = 820E14FA249B3D1400B78CAB /* _0_OCDemoUITests.m */; };
		820E1511249B3D4600B78CAB /* MOResponderTestView.m in Sources */ = {isa = PBXBuildFile; fileRef = 820E1509249B3D4500B78CAB /* MOResponderTestView.m */; };
		8219811324BC0AFD00C8E29B /* YYWeakProxy.m in Sources */ = {isa = PBXBuildFile; fileRef = 8219811124BC0AFD00C8E29B /* YYWeakProxy.m */; };
		8219811824BD884D00C8E29B /* MOBlockViewController.m in Sources */ = {isa = PBXBuildFile; fileRef = 8219811724BD884D00C8E29B /* MOBlockViewController.m */; };
		8269E0D524F61157004973E1 /* MOArrayDataSource.m in Sources */ = {isa = PBXBuildFile; fileRef = 8269E0D424F61157004973E1 /* MOArrayDataSource.m */; };
		8269E0D824F63B04004973E1 /* MOResponderViewController.m in Sources */ = {isa = PBXBuildFile; fileRef = 8269E0D724F63B04004973E1 /* MOResponderViewController.m */; };
		8269E0DE24F64C79004973E1 /* MOKVCViewController.m in Sources */ = {isa = PBXBuildFile; fileRef = 8269E0DD24F64C79004973E1 /* MOKVCViewController.m */; };
		82C037BB24BEB5DD0011A5F2 /* MOAnimal.m in Sources */ = {isa = PBXBuildFile; fileRef = 82C037BA24BEB5DD0011A5F2 /* MOAnimal.m */; };
		82C037BE24BED0250011A5F2 /* MOCat.m in Sources */ = {isa = PBXBuildFile; fileRef = 82C037BD24BED0250011A5F2 /* MOCat.m */; };
		82C037C424BED6250011A5F2 /* MOAnimal+Sleep.m in Sources */ = {isa = PBXBuildFile; fileRef = 82C037C324BED6250011A5F2 /* MOAnimal+Sleep.m */; };
		E015A00224F544F6004F1711 /* MOPerson.m in Sources */ = {isa = PBXBuildFile; fileRef = E015A00124F544F6004F1711 /* MOPerson.m */; };
		E060ADCD24C865C2005F0336 /* MOButton.m in Sources */ = {isa = PBXBuildFile; fileRef = E060ADCC24C865C2005F0336 /* MOButton.m */; };
		E08C8B6B24B9BBBC00334253 /* MOTimerViewController.m in Sources */ = {isa = PBXBuildFile; fileRef = E08C8B6A24B9BBBC00334253 /* MOTimerViewController.m */; };
		E08C8B6E24B9BC4C00334253 /* NSTimer+MOBlock.m in Sources */ = {isa = PBXBuildFile; fileRef = E08C8B6D24B9BC4C00334253 /* NSTimer+MOBlock.m */; };
		E08C8B7124B9BD8E00334253 /* MOHomeViewController.m in Sources */ = {isa = PBXBuildFile; fileRef = E08C8B7024B9BD8E00334253 /* MOHomeViewController.m */; };
		E08C8B7424B9C24F00334253 /* SceneDelegate.m in Sources */ = {isa = PBXBuildFile; fileRef = E08C8B7224B9C24F00334253 /* SceneDelegate.m */; };
/* End PBXBuildFile section */

/* Begin PBXContainerItemProxy section */
		820E14EC249B3D1400B78CAB /* PBXContainerItemProxy */ = {
			isa = PBXContainerItemProxy;
			containerPortal = 820E14C8249B3D1200B78CAB /* Project object */;
			proxyType = 1;
			remoteGlobalIDString = 820E14CF249B3D1200B78CAB;
			remoteInfo = 00.OCDemo;
		};
		820E14F7249B3D1400B78CAB /* PBXContainerItemProxy */ = {
			isa = PBXContainerItemProxy;
			containerPortal = 820E14C8249B3D1200B78CAB /* Project object */;
			proxyType = 1;
			remoteGlobalIDString = 820E14CF249B3D1200B78CAB;
			remoteInfo = 00.OCDemo;
		};
/* End PBXContainerItemProxy section */

/* Begin PBXFileReference section */
		820E14D0249B3D1200B78CAB /* 00.OCDemo.app */ = {isa = PBXFileReference; explicitFileType = wrapper.application; includeInIndex = 0; path = 00.OCDemo.app; sourceTree = BUILT_PRODUCTS_DIR; };
		820E14D3249B3D1200B78CAB /* AppDelegate.h */ = {isa = PBXFileReference; lastKnownFileType = sourcecode.c.h; path = AppDelegate.h; sourceTree = "<group>"; };
		820E14D4249B3D1200B78CAB /* AppDelegate.m */ = {isa = PBXFileReference; lastKnownFileType = sourcecode.c.objc; path = AppDelegate.m; sourceTree = "<group>"; };
		820E14DD249B3D1200B78CAB /* Base */ = {isa = PBXFileReference; lastKnownFileType = file.storyboard; name = Base; path = Base.lproj/Main.storyboard; sourceTree = "<group>"; };
		820E14DF249B3D1400B78CAB /* Assets.xcassets */ = {isa = PBXFileReference; lastKnownFileType = folder.assetcatalog; path = Assets.xcassets; sourceTree = "<group>"; };
		820E14E2249B3D1400B78CAB /* Base */ = {isa = PBXFileReference; lastKnownFileType = file.storyboard; name = Base; path = Base.lproj/LaunchScreen.storyboard; sourceTree = "<group>"; };
		820E14E4249B3D1400B78CAB /* Info.plist */ = {isa = PBXFileReference; lastKnownFileType = text.plist.xml; path = Info.plist; sourceTree = "<group>"; };
		820E14E5249B3D1400B78CAB /* main.m */ = {isa = PBXFileReference; lastKnownFileType = sourcecode.c.objc; path = main.m; sourceTree = "<group>"; };
		820E14EB249B3D1400B78CAB /* 00.OCDemoTests.xctest */ = {isa = PBXFileReference; explicitFileType = wrapper.cfbundle; includeInIndex = 0; path = 00.OCDemoTests.xctest; sourceTree = BUILT_PRODUCTS_DIR; };
		820E14EF249B3D1400B78CAB /* _0_OCDemoTests.m */ = {isa = PBXFileReference; lastKnownFileType = sourcecode.c.objc; path = _0_OCDemoTests.m; sourceTree = "<group>"; };
		820E14F1249B3D1400B78CAB /* Info.plist */ = {isa = PBXFileReference; lastKnownFileType = text.plist.xml; path = Info.plist; sourceTree = "<group>"; };
		820E14F6249B3D1400B78CAB /* 00.OCDemoUITests.xctest */ = {isa = PBXFileReference; explicitFileType = wrapper.cfbundle; includeInIndex = 0; path = 00.OCDemoUITests.xctest; sourceTree = BUILT_PRODUCTS_DIR; };
		820E14FA249B3D1400B78CAB /* _0_OCDemoUITests.m */ = {isa = PBXFileReference; lastKnownFileType = sourcecode.c.objc; path = _0_OCDemoUITests.m; sourceTree = "<group>"; };
		820E14FC249B3D1400B78CAB /* Info.plist */ = {isa = PBXFileReference; lastKnownFileType = text.plist.xml; path = Info.plist; sourceTree = "<group>"; };
		820E1509249B3D4500B78CAB /* MOResponderTestView.m */ = {isa = PBXFileReference; fileEncoding = 4; lastKnownFileType = sourcecode.c.objc; path = MOResponderTestView.m; sourceTree = "<group>"; };
		820E150A249B3D4500B78CAB /* MOResponderTestView.h */ = {isa = PBXFileReference; fileEncoding = 4; lastKnownFileType = sourcecode.c.h; path = MOResponderTestView.h; sourceTree = "<group>"; };
		8219811124BC0AFD00C8E29B /* YYWeakProxy.m */ = {isa = PBXFileReference; fileEncoding = 4; lastKnownFileType = sourcecode.c.objc; path = YYWeakProxy.m; sourceTree = "<group>"; };
		8219811224BC0AFD00C8E29B /* YYWeakProxy.h */ = {isa = PBXFileReference; fileEncoding = 4; lastKnownFileType = sourcecode.c.h; path = YYWeakProxy.h; sourceTree = "<group>"; };
		8219811624BD884D00C8E29B /* MOBlockViewController.h */ = {isa = PBXFileReference; lastKnownFileType = sourcecode.c.h; path = MOBlockViewController.h; sourceTree = "<group>"; };
		8219811724BD884D00C8E29B /* MOBlockViewController.m */ = {isa = PBXFileReference; lastKnownFileType = sourcecode.c.objc; path = MOBlockViewController.m; sourceTree = "<group>"; };
		8269E0D324F61157004973E1 /* MOArrayDataSource.h */ = {isa = PBXFileReference; lastKnownFileType = sourcecode.c.h; path = MOArrayDataSource.h; sourceTree = "<group>"; };
		8269E0D424F61157004973E1 /* MOArrayDataSource.m */ = {isa = PBXFileReference; lastKnownFileType = sourcecode.c.objc; path = MOArrayDataSource.m; sourceTree = "<group>"; };
		8269E0D624F63B04004973E1 /* MOResponderViewController.h */ = {isa = PBXFileReference; lastKnownFileType = sourcecode.c.h; path = MOResponderViewController.h; sourceTree = "<group>"; };
		8269E0D724F63B04004973E1 /* MOResponderViewController.m */ = {isa = PBXFileReference; lastKnownFileType = sourcecode.c.objc; path = MOResponderViewController.m; sourceTree = "<group>"; };
		8269E0DC24F64C79004973E1 /* MOKVCViewController.h */ = {isa = PBXFileReference; lastKnownFileType = sourcecode.c.h; path = MOKVCViewController.h; sourceTree = "<group>"; };
		8269E0DD24F64C79004973E1 /* MOKVCViewController.m */ = {isa = PBXFileReference; lastKnownFileType = sourcecode.c.objc; path = MOKVCViewController.m; sourceTree = "<group>"; };
		82C037B924BEB5DD0011A5F2 /* MOAnimal.h */ = {isa = PBXFileReference; lastKnownFileType = sourcecode.c.h; path = MOAnimal.h; sourceTree = "<group>"; };
		82C037BA24BEB5DD0011A5F2 /* MOAnimal.m */ = {isa = PBXFileReference; lastKnownFileType = sourcecode.c.objc; path = MOAnimal.m; sourceTree = "<group>"; };
		82C037BC24BED0250011A5F2 /* MOCat.h */ = {isa = PBXFileReference; lastKnownFileType = sourcecode.c.h; path = MOCat.h; sourceTree = "<group>"; };
		82C037BD24BED0250011A5F2 /* MOCat.m */ = {isa = PBXFileReference; lastKnownFileType = sourcecode.c.objc; path = MOCat.m; sourceTree = "<group>"; };
		82C037C224BED6250011A5F2 /* MOAnimal+Sleep.h */ = {isa = PBXFileReference; lastKnownFileType = sourcecode.c.h; path = "MOAnimal+Sleep.h"; sourceTree = "<group>"; };
		82C037C324BED6250011A5F2 /* MOAnimal+Sleep.m */ = {isa = PBXFileReference; lastKnownFileType = sourcecode.c.objc; path = "MOAnimal+Sleep.m"; sourceTree = "<group>"; };
		E015A00024F544F6004F1711 /* MOPerson.h */ = {isa = PBXFileReference; lastKnownFileType = sourcecode.c.h; path = MOPerson.h; sourceTree = "<group>"; };
		E015A00124F544F6004F1711 /* MOPerson.m */ = {isa = PBXFileReference; lastKnownFileType = sourcecode.c.objc; path = MOPerson.m; sourceTree = "<group>"; };
		E060ADCB24C865C2005F0336 /* MOButton.h */ = {isa = PBXFileReference; lastKnownFileType = sourcecode.c.h; path = MOButton.h; sourceTree = "<group>"; };
		E060ADCC24C865C2005F0336 /* MOButton.m */ = {isa = PBXFileReference; lastKnownFileType = sourcecode.c.objc; path = MOButton.m; sourceTree = "<group>"; };
		E08C8B6924B9BBBC00334253 /* MOTimerViewController.h */ = {isa = PBXFileReference; lastKnownFileType = sourcecode.c.h; path = MOTimerViewController.h; sourceTree = "<group>"; };
		E08C8B6A24B9BBBC00334253 /* MOTimerViewController.m */ = {isa = PBXFileReference; lastKnownFileType = sourcecode.c.objc; path = MOTimerViewController.m; sourceTree = "<group>"; };
		E08C8B6C24B9BC4C00334253 /* NSTimer+MOBlock.h */ = {isa = PBXFileReference; lastKnownFileType = sourcecode.c.h; path = "NSTimer+MOBlock.h"; sourceTree = "<group>"; };
		E08C8B6D24B9BC4C00334253 /* NSTimer+MOBlock.m */ = {isa = PBXFileReference; lastKnownFileType = sourcecode.c.objc; path = "NSTimer+MOBlock.m"; sourceTree = "<group>"; };
		E08C8B6F24B9BD8E00334253 /* MOHomeViewController.h */ = {isa = PBXFileReference; lastKnownFileType = sourcecode.c.h; path = MOHomeViewController.h; sourceTree = "<group>"; };
		E08C8B7024B9BD8E00334253 /* MOHomeViewController.m */ = {isa = PBXFileReference; lastKnownFileType = sourcecode.c.objc; path = MOHomeViewController.m; sourceTree = "<group>"; };
		E08C8B7224B9C24F00334253 /* SceneDelegate.m */ = {isa = PBXFileReference; fileEncoding = 4; lastKnownFileType = sourcecode.c.objc; path = SceneDelegate.m; sourceTree = "<group>"; };
		E08C8B7324B9C24F00334253 /* SceneDelegate.h */ = {isa = PBXFileReference; fileEncoding = 4; lastKnownFileType = sourcecode.c.h; path = SceneDelegate.h; sourceTree = "<group>"; };
/* End PBXFileReference section */

/* Begin PBXFrameworksBuildPhase section */
		820E14CD249B3D1200B78CAB /* Frameworks */ = {
			isa = PBXFrameworksBuildPhase;
			buildActionMask = 2147483647;
			files = (
			);
			runOnlyForDeploymentPostprocessing = 0;
		};
		820E14E8249B3D1400B78CAB /* Frameworks */ = {
			isa = PBXFrameworksBuildPhase;
			buildActionMask = 2147483647;
			files = (
			);
			runOnlyForDeploymentPostprocessing = 0;
		};
		820E14F3249B3D1400B78CAB /* Frameworks */ = {
			isa = PBXFrameworksBuildPhase;
			buildActionMask = 2147483647;
			files = (
			);
			runOnlyForDeploymentPostprocessing = 0;
		};
/* End PBXFrameworksBuildPhase section */

/* Begin PBXGroup section */
		820E14C7249B3D1200B78CAB = {
			isa = PBXGroup;
			children = (
				820E14D2249B3D1200B78CAB /* 00.OCDemo */,
				820E14EE249B3D1400B78CAB /* 00.OCDemoTests */,
				820E14F9249B3D1400B78CAB /* 00.OCDemoUITests */,
				820E14D1249B3D1200B78CAB /* Products */,
			);
			sourceTree = "<group>";
		};
		820E14D1249B3D1200B78CAB /* Products */ = {
			isa = PBXGroup;
			children = (
				820E14D0249B3D1200B78CAB /* 00.OCDemo.app */,
				820E14EB249B3D1400B78CAB /* 00.OCDemoTests.xctest */,
				820E14F6249B3D1400B78CAB /* 00.OCDemoUITests.xctest */,
			);
			name = Products;
			sourceTree = "<group>";
		};
		820E14D2249B3D1200B78CAB /* 00.OCDemo */ = {
			isa = PBXGroup;
			children = (
				82C037C724C0355A0011A5F2 /* Category */,
				8219811424BD881D00C8E29B /* Responder */,
				82C037A824BE959B0011A5F2 /* Block */,
				8219811524BD882E00C8E29B /* Timer */,
				8269E0DF24F64C95004973E1 /* KVC */,
				820E14D3249B3D1200B78CAB /* AppDelegate.h */,
				820E14D4249B3D1200B78CAB /* AppDelegate.m */,
				E08C8B7324B9C24F00334253 /* SceneDelegate.h */,
				E08C8B7224B9C24F00334253 /* SceneDelegate.m */,
				E08C8B6F24B9BD8E00334253 /* MOHomeViewController.h */,
				E08C8B7024B9BD8E00334253 /* MOHomeViewController.m */,
				8269E0D324F61157004973E1 /* MOArrayDataSource.h */,
				8269E0D424F61157004973E1 /* MOArrayDataSource.m */,
				E060ADCB24C865C2005F0336 /* MOButton.h */,
				E060ADCC24C865C2005F0336 /* MOButton.m */,
				820E14DC249B3D1200B78CAB /* Main.storyboard */,
				820E14DF249B3D1400B78CAB /* Assets.xcassets */,
				820E14E1249B3D1400B78CAB /* LaunchScreen.storyboard */,
				820E14E4249B3D1400B78CAB /* Info.plist */,
				820E14E5249B3D1400B78CAB /* main.m */,
			);
			path = 00.OCDemo;
			sourceTree = "<group>";
		};
		820E14EE249B3D1400B78CAB /* 00.OCDemoTests */ = {
			isa = PBXGroup;
			children = (
				820E14EF249B3D1400B78CAB /* _0_OCDemoTests.m */,
				820E14F1249B3D1400B78CAB /* Info.plist */,
			);
			path = 00.OCDemoTests;
			sourceTree = "<group>";
		};
		820E14F9249B3D1400B78CAB /* 00.OCDemoUITests */ = {
			isa = PBXGroup;
			children = (
				820E14FA249B3D1400B78CAB /* _0_OCDemoUITests.m */,
				820E14FC249B3D1400B78CAB /* Info.plist */,
			);
			path = 00.OCDemoUITests;
			sourceTree = "<group>";
		};
		8219811424BD881D00C8E29B /* Responder */ = {
			isa = PBXGroup;
			children = (
				820E150A249B3D4500B78CAB /* MOResponderTestView.h */,
				820E1509249B3D4500B78CAB /* MOResponderTestView.m */,
				8269E0D624F63B04004973E1 /* MOResponderViewController.h */,
				8269E0D724F63B04004973E1 /* MOResponderViewController.m */,
			);
			path = Responder;
			sourceTree = "<group>";
		};
		8219811524BD882E00C8E29B /* Timer */ = {
			isa = PBXGroup;
			children = (
				E08C8B6924B9BBBC00334253 /* MOTimerViewController.h */,
				E08C8B6A24B9BBBC00334253 /* MOTimerViewController.m */,
				E08C8B6C24B9BC4C00334253 /* NSTimer+MOBlock.h */,
				E08C8B6D24B9BC4C00334253 /* NSTimer+MOBlock.m */,
				8219811224BC0AFD00C8E29B /* YYWeakProxy.h */,
				8219811124BC0AFD00C8E29B /* YYWeakProxy.m */,
			);
			path = Timer;
			sourceTree = "<group>";
		};
		8269E0DF24F64C95004973E1 /* KVC */ = {
			isa = PBXGroup;
			children = (
				E015A00024F544F6004F1711 /* MOPerson.h */,
				E015A00124F544F6004F1711 /* MOPerson.m */,
				8269E0DC24F64C79004973E1 /* MOKVCViewController.h */,
				8269E0DD24F64C79004973E1 /* MOKVCViewController.m */,
			);
			path = KVC;
			sourceTree = "<group>";
		};
		82C037A824BE959B0011A5F2 /* Block */ = {
			isa = PBXGroup;
			children = (
				8219811624BD884D00C8E29B /* MOBlockViewController.h */,
				8219811724BD884D00C8E29B /* MOBlockViewController.m */,
			);
			path = Block;
			sourceTree = "<group>";
		};
		82C037C724C0355A0011A5F2 /* Category */ = {
			isa = PBXGroup;
			children = (
				82C037B924BEB5DD0011A5F2 /* MOAnimal.h */,
				82C037BA24BEB5DD0011A5F2 /* MOAnimal.m */,
				82C037C224BED6250011A5F2 /* MOAnimal+Sleep.h */,
				82C037C324BED6250011A5F2 /* MOAnimal+Sleep.m */,
				82C037BC24BED0250011A5F2 /* MOCat.h */,
				82C037BD24BED0250011A5F2 /* MOCat.m */,
			);
			path = Category;
			sourceTree = "<group>";
		};
/* End PBXGroup section */

/* Begin PBXNativeTarget section */
		820E14CF249B3D1200B78CAB /* 00.OCDemo */ = {
			isa = PBXNativeTarget;
			buildConfigurationList = 820E14FF249B3D1400B78CAB /* Build configuration list for PBXNativeTarget "00.OCDemo" */;
			buildPhases = (
				820E14CC249B3D1200B78CAB /* Sources */,
				820E14CD249B3D1200B78CAB /* Frameworks */,
				820E14CE249B3D1200B78CAB /* Resources */,
			);
			buildRules = (
			);
			dependencies = (
			);
			name = 00.OCDemo;
			productName = 00.OCDemo;
			productReference = 820E14D0249B3D1200B78CAB /* 00.OCDemo.app */;
			productType = "com.apple.product-type.application";
		};
		820E14EA249B3D1400B78CAB /* 00.OCDemoTests */ = {
			isa = PBXNativeTarget;
			buildConfigurationList = 820E1502249B3D1400B78CAB /* Build configuration list for PBXNativeTarget "00.OCDemoTests" */;
			buildPhases = (
				820E14E7249B3D1400B78CAB /* Sources */,
				820E14E8249B3D1400B78CAB /* Frameworks */,
				820E14E9249B3D1400B78CAB /* Resources */,
			);
			buildRules = (
			);
			dependencies = (
				820E14ED249B3D1400B78CAB /* PBXTargetDependency */,
			);
			name = 00.OCDemoTests;
			productName = 00.OCDemoTests;
			productReference = 820E14EB249B3D1400B78CAB /* 00.OCDemoTests.xctest */;
			productType = "com.apple.product-type.bundle.unit-test";
		};
		820E14F5249B3D1400B78CAB /* 00.OCDemoUITests */ = {
			isa = PBXNativeTarget;
			buildConfigurationList = 820E1505249B3D1400B78CAB /* Build configuration list for PBXNativeTarget "00.OCDemoUITests" */;
			buildPhases = (
				820E14F2249B3D1400B78CAB /* Sources */,
				820E14F3249B3D1400B78CAB /* Frameworks */,
				820E14F4249B3D1400B78CAB /* Resources */,
			);
			buildRules = (
			);
			dependencies = (
				820E14F8249B3D1400B78CAB /* PBXTargetDependency */,
			);
			name = 00.OCDemoUITests;
			productName = 00.OCDemoUITests;
			productReference = 820E14F6249B3D1400B78CAB /* 00.OCDemoUITests.xctest */;
			productType = "com.apple.product-type.bundle.ui-testing";
		};
/* End PBXNativeTarget section */

/* Begin PBXProject section */
		820E14C8249B3D1200B78CAB /* Project object */ = {
			isa = PBXProject;
			attributes = {
				LastUpgradeCheck = 1120;
				ORGANIZATIONNAME = moxiaohui;
				TargetAttributes = {
					820E14CF249B3D1200B78CAB = {
						CreatedOnToolsVersion = 11.2;
					};
					820E14EA249B3D1400B78CAB = {
						CreatedOnToolsVersion = 11.2;
						TestTargetID = 820E14CF249B3D1200B78CAB;
					};
					820E14F5249B3D1400B78CAB = {
						CreatedOnToolsVersion = 11.2;
						TestTargetID = 820E14CF249B3D1200B78CAB;
					};
				};
			};
			buildConfigurationList = 820E14CB249B3D1200B78CAB /* Build configuration list for PBXProject "00.OCDemo" */;
			compatibilityVersion = "Xcode 9.3";
			developmentRegion = en;
			hasScannedForEncodings = 0;
			knownRegions = (
				en,
				Base,
			);
			mainGroup = 820E14C7249B3D1200B78CAB;
			productRefGroup = 820E14D1249B3D1200B78CAB /* Products */;
			projectDirPath = "";
			projectRoot = "";
			targets = (
				820E14CF249B3D1200B78CAB /* 00.OCDemo */,
				820E14EA249B3D1400B78CAB /* 00.OCDemoTests */,
				820E14F5249B3D1400B78CAB /* 00.OCDemoUITests */,
			);
		};
/* End PBXProject section */

/* Begin PBXResourcesBuildPhase section */
		820E14CE249B3D1200B78CAB /* Resources */ = {
			isa = PBXResourcesBuildPhase;
			buildActionMask = 2147483647;
			files = (
				820E14E3249B3D1400B78CAB /* LaunchScreen.storyboard in Resources */,
				820E14E0249B3D1400B78CAB /* Assets.xcassets in Resources */,
				820E14DE249B3D1200B78CAB /* Main.storyboard in Resources */,
			);
			runOnlyForDeploymentPostprocessing = 0;
		};
		820E14E9249B3D1400B78CAB /* Resources */ = {
			isa = PBXResourcesBuildPhase;
			buildActionMask = 2147483647;
			files = (
			);
			runOnlyForDeploymentPostprocessing = 0;
		};
		820E14F4249B3D1400B78CAB /* Resources */ = {
			isa = PBXResourcesBuildPhase;
			buildActionMask = 2147483647;
			files = (
			);
			runOnlyForDeploymentPostprocessing = 0;
		};
/* End PBXResourcesBuildPhase section */

/* Begin PBXSourcesBuildPhase section */
		820E14CC249B3D1200B78CAB /* Sources */ = {
			isa = PBXSourcesBuildPhase;
			buildActionMask = 2147483647;
			files = (
				820E14D5249B3D1200B78CAB /* AppDelegate.m in Sources */,
				820E14E6249B3D1400B78CAB /* main.m in Sources */,
				8269E0D824F63B04004973E1 /* MOResponderViewController.m in Sources */,
				E08C8B7424B9C24F00334253 /* SceneDelegate.m in Sources */,
				8269E0D524F61157004973E1 /* MOArrayDataSource.m in Sources */,
				E08C8B6E24B9BC4C00334253 /* NSTimer+MOBlock.m in Sources */,
				8269E0DE24F64C79004973E1 /* MOKVCViewController.m in Sources */,
				8219811324BC0AFD00C8E29B /* YYWeakProxy.m in Sources */,
				82C037C424BED6250011A5F2 /* MOAnimal+Sleep.m in Sources */,
				E08C8B7124B9BD8E00334253 /* MOHomeViewController.m in Sources */,
				8219811824BD884D00C8E29B /* MOBlockViewController.m in Sources */,
				82C037BE24BED0250011A5F2 /* MOCat.m in Sources */,
				E060ADCD24C865C2005F0336 /* MOButton.m in Sources */,
				E015A00224F544F6004F1711 /* MOPerson.m in Sources */,
				82C037BB24BEB5DD0011A5F2 /* MOAnimal.m in Sources */,
				E08C8B6B24B9BBBC00334253 /* MOTimerViewController.m in Sources */,
				820E1511249B3D4600B78CAB /* MOResponderTestView.m in Sources */,
			);
			runOnlyForDeploymentPostprocessing = 0;
		};
		820E14E7249B3D1400B78CAB /* Sources */ = {
			isa = PBXSourcesBuildPhase;
			buildActionMask = 2147483647;
			files = (
				820E14F0249B3D1400B78CAB /* _0_OCDemoTests.m in Sources */,
			);
			runOnlyForDeploymentPostprocessing = 0;
		};
		820E14F2249B3D1400B78CAB /* Sources */ = {
			isa = PBXSourcesBuildPhase;
			buildActionMask = 2147483647;
			files = (
				820E14FB249B3D1400B78CAB /* _0_OCDemoUITests.m in Sources */,
			);
			runOnlyForDeploymentPostprocessing = 0;
		};
/* End PBXSourcesBuildPhase section */

/* Begin PBXTargetDependency section */
		820E14ED249B3D1400B78CAB /* PBXTargetDependency */ = {
			isa = PBXTargetDependency;
			target = 820E14CF249B3D1200B78CAB /* 00.OCDemo */;
			targetProxy = 820E14EC249B3D1400B78CAB /* PBXContainerItemProxy */;
		};
		820E14F8249B3D1400B78CAB /* PBXTargetDependency */ = {
			isa = PBXTargetDependency;
			target = 820E14CF249B3D1200B78CAB /* 00.OCDemo */;
			targetProxy = 820E14F7249B3D1400B78CAB /* PBXContainerItemProxy */;
		};
/* End PBXTargetDependency section */

/* Begin PBXVariantGroup section */
		820E14DC249B3D1200B78CAB /* Main.storyboard */ = {
			isa = PBXVariantGroup;
			children = (
				820E14DD249B3D1200B78CAB /* Base */,
			);
			name = Main.storyboard;
			sourceTree = "<group>";
		};
		820E14E1249B3D1400B78CAB /* LaunchScreen.storyboard */ = {
			isa = PBXVariantGroup;
			children = (
				820E14E2249B3D1400B78CAB /* Base */,
			);
			name = LaunchScreen.storyboard;
			sourceTree = "<group>";
		};
/* End PBXVariantGroup section */

/* Begin XCBuildConfiguration section */
		820E14FD249B3D1400B78CAB /* Debug */ = {
			isa = XCBuildConfiguration;
			buildSettings = {
				ALWAYS_SEARCH_USER_PATHS = NO;
				CLANG_ANALYZER_NONNULL = YES;
				CLANG_ANALYZER_NUMBER_OBJECT_CONVERSION = YES_AGGRESSIVE;
				CLANG_CXX_LANGUAGE_STANDARD = "gnu++14";
				CLANG_CXX_LIBRARY = "libc++";
				CLANG_ENABLE_MODULES = YES;
				CLANG_ENABLE_OBJC_ARC = YES;
				CLANG_ENABLE_OBJC_WEAK = YES;
				CLANG_WARN_BLOCK_CAPTURE_AUTORELEASING = YES;
				CLANG_WARN_BOOL_CONVERSION = YES;
				CLANG_WARN_COMMA = YES;
				CLANG_WARN_CONSTANT_CONVERSION = YES;
				CLANG_WARN_DEPRECATED_OBJC_IMPLEMENTATIONS = YES;
				CLANG_WARN_DIRECT_OBJC_ISA_USAGE = YES_ERROR;
				CLANG_WARN_DOCUMENTATION_COMMENTS = YES;
				CLANG_WARN_EMPTY_BODY = YES;
				CLANG_WARN_ENUM_CONVERSION = YES;
				CLANG_WARN_INFINITE_RECURSION = YES;
				CLANG_WARN_INT_CONVERSION = YES;
				CLANG_WARN_NON_LITERAL_NULL_CONVERSION = YES;
				CLANG_WARN_OBJC_IMPLICIT_RETAIN_SELF = YES;
				CLANG_WARN_OBJC_LITERAL_CONVERSION = YES;
				CLANG_WARN_OBJC_ROOT_CLASS = YES_ERROR;
				CLANG_WARN_RANGE_LOOP_ANALYSIS = YES;
				CLANG_WARN_STRICT_PROTOTYPES = YES;
				CLANG_WARN_SUSPICIOUS_MOVE = YES;
				CLANG_WARN_UNGUARDED_AVAILABILITY = YES_AGGRESSIVE;
				CLANG_WARN_UNREACHABLE_CODE = YES;
				CLANG_WARN__DUPLICATE_METHOD_MATCH = YES;
				COPY_PHASE_STRIP = NO;
				DEBUG_INFORMATION_FORMAT = dwarf;
				ENABLE_STRICT_OBJC_MSGSEND = YES;
				ENABLE_TESTABILITY = YES;
				GCC_C_LANGUAGE_STANDARD = gnu11;
				GCC_DYNAMIC_NO_PIC = NO;
				GCC_NO_COMMON_BLOCKS = YES;
				GCC_OPTIMIZATION_LEVEL = 0;
				GCC_PREPROCESSOR_DEFINITIONS = (
					"DEBUG=1",
					"$(inherited)",
				);
				GCC_WARN_64_TO_32_BIT_CONVERSION = YES;
				GCC_WARN_ABOUT_RETURN_TYPE = YES_ERROR;
				GCC_WARN_UNDECLARED_SELECTOR = YES;
				GCC_WARN_UNINITIALIZED_AUTOS = YES_AGGRESSIVE;
				GCC_WARN_UNUSED_FUNCTION = YES;
				GCC_WARN_UNUSED_VARIABLE = YES;
				IPHONEOS_DEPLOYMENT_TARGET = 13.2;
				MTL_ENABLE_DEBUG_INFO = INCLUDE_SOURCE;
				MTL_FAST_MATH = YES;
				ONLY_ACTIVE_ARCH = YES;
				SDKROOT = iphoneos;
			};
			name = Debug;
		};
		820E14FE249B3D1400B78CAB /* Release */ = {
			isa = XCBuildConfiguration;
			buildSettings = {
				ALWAYS_SEARCH_USER_PATHS = NO;
				CLANG_ANALYZER_NONNULL = YES;
				CLANG_ANALYZER_NUMBER_OBJECT_CONVERSION = YES_AGGRESSIVE;
				CLANG_CXX_LANGUAGE_STANDARD = "gnu++14";
				CLANG_CXX_LIBRARY = "libc++";
				CLANG_ENABLE_MODULES = YES;
				CLANG_ENABLE_OBJC_ARC = YES;
				CLANG_ENABLE_OBJC_WEAK = YES;
				CLANG_WARN_BLOCK_CAPTURE_AUTORELEASING = YES;
				CLANG_WARN_BOOL_CONVERSION = YES;
				CLANG_WARN_COMMA = YES;
				CLANG_WARN_CONSTANT_CONVERSION = YES;
				CLANG_WARN_DEPRECATED_OBJC_IMPLEMENTATIONS = YES;
				CLANG_WARN_DIRECT_OBJC_ISA_USAGE = YES_ERROR;
				CLANG_WARN_DOCUMENTATION_COMMENTS = YES;
				CLANG_WARN_EMPTY_BODY = YES;
				CLANG_WARN_ENUM_CONVERSION = YES;
				CLANG_WARN_INFINITE_RECURSION = YES;
				CLANG_WARN_INT_CONVERSION = YES;
				CLANG_WARN_NON_LITERAL_NULL_CONVERSION = YES;
				CLANG_WARN_OBJC_IMPLICIT_RETAIN_SELF = YES;
				CLANG_WARN_OBJC_LITERAL_CONVERSION = YES;
				CLANG_WARN_OBJC_ROOT_CLASS = YES_ERROR;
				CLANG_WARN_RANGE_LOOP_ANALYSIS = YES;
				CLANG_WARN_STRICT_PROTOTYPES = YES;
				CLANG_WARN_SUSPICIOUS_MOVE = YES;
				CLANG_WARN_UNGUARDED_AVAILABILITY = YES_AGGRESSIVE;
				CLANG_WARN_UNREACHABLE_CODE = YES;
				CLANG_WARN__DUPLICATE_METHOD_MATCH = YES;
				COPY_PHASE_STRIP = NO;
				DEBUG_INFORMATION_FORMAT = "dwarf-with-dsym";
				ENABLE_NS_ASSERTIONS = NO;
				ENABLE_STRICT_OBJC_MSGSEND = YES;
				GCC_C_LANGUAGE_STANDARD = gnu11;
				GCC_NO_COMMON_BLOCKS = YES;
				GCC_WARN_64_TO_32_BIT_CONVERSION = YES;
				GCC_WARN_ABOUT_RETURN_TYPE = YES_ERROR;
				GCC_WARN_UNDECLARED_SELECTOR = YES;
				GCC_WARN_UNINITIALIZED_AUTOS = YES_AGGRESSIVE;
				GCC_WARN_UNUSED_FUNCTION = YES;
				GCC_WARN_UNUSED_VARIABLE = YES;
				IPHONEOS_DEPLOYMENT_TARGET = 13.2;
				MTL_ENABLE_DEBUG_INFO = NO;
				MTL_FAST_MATH = YES;
				SDKROOT = iphoneos;
				VALIDATE_PRODUCT = YES;
			};
			name = Release;
		};
		820E1500249B3D1400B78CAB /* Debug */ = {
			isa = XCBuildConfiguration;
			buildSettings = {
				ASSETCATALOG_COMPILER_APPICON_NAME = AppIcon;
				CLANG_ENABLE_OBJC_ARC = YES;
				CODE_SIGN_STYLE = Automatic;
				DEVELOPMENT_TEAM = 2BQB79N6ZP;
				INFOPLIST_FILE = 00.OCDemo/Info.plist;
				LD_RUNPATH_SEARCH_PATHS = (
					"$(inherited)",
					"@executable_path/Frameworks",
				);
				PRODUCT_BUNDLE_IDENTIFIER = "moxiaohui.-0-OCDemo";
				PRODUCT_NAME = "$(TARGET_NAME)";
				TARGETED_DEVICE_FAMILY = "1,2";
			};
			name = Debug;
		};
		820E1501249B3D1400B78CAB /* Release */ = {
			isa = XCBuildConfiguration;
			buildSettings = {
				ASSETCATALOG_COMPILER_APPICON_NAME = AppIcon;
				CLANG_ENABLE_OBJC_ARC = YES;
				CODE_SIGN_STYLE = Automatic;
				DEVELOPMENT_TEAM = 2BQB79N6ZP;
				INFOPLIST_FILE = 00.OCDemo/Info.plist;
				LD_RUNPATH_SEARCH_PATHS = (
					"$(inherited)",
					"@executable_path/Frameworks",
				);
				PRODUCT_BUNDLE_IDENTIFIER = "moxiaohui.-0-OCDemo";
				PRODUCT_NAME = "$(TARGET_NAME)";
				TARGETED_DEVICE_FAMILY = "1,2";
			};
			name = Release;
		};
		820E1503249B3D1400B78CAB /* Debug */ = {
			isa = XCBuildConfiguration;
			buildSettings = {
				BUNDLE_LOADER = "$(TEST_HOST)";
				CODE_SIGN_STYLE = Automatic;
				DEVELOPMENT_TEAM = 2BQB79N6ZP;
				INFOPLIST_FILE = 00.OCDemoTests/Info.plist;
				IPHONEOS_DEPLOYMENT_TARGET = 13.2;
				LD_RUNPATH_SEARCH_PATHS = (
					"$(inherited)",
					"@executable_path/Frameworks",
					"@loader_path/Frameworks",
				);
				PRODUCT_BUNDLE_IDENTIFIER = "moxiaohui.-0-OCDemoTests";
				PRODUCT_NAME = "$(TARGET_NAME)";
				TARGETED_DEVICE_FAMILY = "1,2";
				TEST_HOST = "$(BUILT_PRODUCTS_DIR)/00.OCDemo.app/00.OCDemo";
			};
			name = Debug;
		};
		820E1504249B3D1400B78CAB /* Release */ = {
			isa = XCBuildConfiguration;
			buildSettings = {
				BUNDLE_LOADER = "$(TEST_HOST)";
				CODE_SIGN_STYLE = Automatic;
				DEVELOPMENT_TEAM = 2BQB79N6ZP;
				INFOPLIST_FILE = 00.OCDemoTests/Info.plist;
				IPHONEOS_DEPLOYMENT_TARGET = 13.2;
				LD_RUNPATH_SEARCH_PATHS = (
					"$(inherited)",
					"@executable_path/Frameworks",
					"@loader_path/Frameworks",
				);
				PRODUCT_BUNDLE_IDENTIFIER = "moxiaohui.-0-OCDemoTests";
				PRODUCT_NAME = "$(TARGET_NAME)";
				TARGETED_DEVICE_FAMILY = "1,2";
				TEST_HOST = "$(BUILT_PRODUCTS_DIR)/00.OCDemo.app/00.OCDemo";
			};
			name = Release;
		};
		820E1506249B3D1400B78CAB /* Debug */ = {
			isa = XCBuildConfiguration;
			buildSettings = {
				CODE_SIGN_STYLE = Automatic;
				DEVELOPMENT_TEAM = 2BQB79N6ZP;
				INFOPLIST_FILE = 00.OCDemoUITests/Info.plist;
				LD_RUNPATH_SEARCH_PATHS = (
					"$(inherited)",
					"@executable_path/Frameworks",
					"@loader_path/Frameworks",
				);
				PRODUCT_BUNDLE_IDENTIFIER = "moxiaohui.-0-OCDemoUITests";
				PRODUCT_NAME = "$(TARGET_NAME)";
				TARGETED_DEVICE_FAMILY = "1,2";
				TEST_TARGET_NAME = 00.OCDemo;
			};
			name = Debug;
		};
		820E1507249B3D1400B78CAB /* Release */ = {
			isa = XCBuildConfiguration;
			buildSettings = {
				CODE_SIGN_STYLE = Automatic;
				DEVELOPMENT_TEAM = 2BQB79N6ZP;
				INFOPLIST_FILE = 00.OCDemoUITests/Info.plist;
				LD_RUNPATH_SEARCH_PATHS = (
					"$(inherited)",
					"@executable_path/Frameworks",
					"@loader_path/Frameworks",
				);
				PRODUCT_BUNDLE_IDENTIFIER = "moxiaohui.-0-OCDemoUITests";
				PRODUCT_NAME = "$(TARGET_NAME)";
				TARGETED_DEVICE_FAMILY = "1,2";
				TEST_TARGET_NAME = 00.OCDemo;
			};
			name = Release;
		};
/* End XCBuildConfiguration section */

/* Begin XCConfigurationList section */
		820E14CB249B3D1200B78CAB /* Build configuration list for PBXProject "00.OCDemo" */ = {
			isa = XCConfigurationList;
			buildConfigurations = (
				820E14FD249B3D1400B78CAB /* Debug */,
				820E14FE249B3D1400B78CAB /* Release */,
			);
			defaultConfigurationIsVisible = 0;
			defaultConfigurationName = Release;
		};
		820E14FF249B3D1400B78CAB /* Build configuration list for PBXNativeTarget "00.OCDemo" */ = {
			isa = XCConfigurationList;
			buildConfigurations = (
				820E1500249B3D1400B78CAB /* Debug */,
				820E1501249B3D1400B78CAB /* Release */,
			);
			defaultConfigurationIsVisible = 0;
			defaultConfigurationName = Release;
		};
		820E1502249B3D1400B78CAB /* Build configuration list for PBXNativeTarget "00.OCDemoTests" */ = {
			isa = XCConfigurationList;
			buildConfigurations = (
				820E1503249B3D1400B78CAB /* Debug */,
				820E1504249B3D1400B78CAB /* Release */,
			);
			defaultConfigurationIsVisible = 0;
			defaultConfigurationName = Release;
		};
		820E1505249B3D1400B78CAB /* Build configuration list for PBXNativeTarget "00.OCDemoUITests" */ = {
			isa = XCConfigurationList;
			buildConfigurations = (
				820E1506249B3D1400B78CAB /* Debug */,
				820E1507249B3D1400B78CAB /* Release */,
			);
			defaultConfigurationIsVisible = 0;
			defaultConfigurationName = Release;
		};
/* End XCConfigurationList section */
	};
	rootObject = 820E14C8249B3D1200B78CAB /* Project object */;
}
